# @generated by Move, please check-in and do not edit manually.

[move]
version = 3
manifest_digest = "4C2EF405E6CA26838F3D199AD4778E9DFCCC9C69BAEEC46FCEA80CD01618F2E0"
deps_digest = "F8BBB0CCB2491CA29A3DF03D6F92277A4F3574266507ACD77214D37ECA3F3082"
dependencies = [
  { id = "Sui", name = "Sui" },
]

[[move.package]]
id = "MoveStdlib"
source = { git = "https://github.com/MystenLabs/sui.git", rev = "framework/mainnet", subdir = "crates/sui-framework/packages/move-stdlib" }

[[move.package]]
id = "Sui"
source = { git = "https://github.com/MystenLabs/sui.git", rev = "framework/mainnet", subdir = "crates/sui-framework/packages/sui-framework" }

dependencies = [
  { id = "MoveStdlib", name = "MoveStdlib" },
]

[move.toolchain-version]
compiler-version = "1.50.0"
edition = "2024"
flavor = "sui"

[env]

[env.testnet]
chain-id = "4c78adac"
original-published-id = "0xb34e9b877cd32ce353d6d45c5aba9717840c87afe626b3e9e242cbde6919de30"
latest-published-id = "0xb34e9b877cd32ce353d6d45c5aba9717840c87afe626b3e9e242cbde6919de30"
published-version = "1"

[env.devnet]
chain-id = "aba3e445"
original-published-id = "0x902be805ccb5d233ababfdbe750ab97cf93a26952a8b48218bcb970bbe422182"
latest-published-id = "0x902be805ccb5d233ababfdbe750ab97cf93a26952a8b48218bcb970bbe422182"
published-version = "1"
